
Microsoft Visual Studio Solution File, Format Version 12.00
# Visual Studio Version 17
VisualStudioVersion = 17.2.32630.192
MinimumVisualStudioVersion = 10.0.40219.1
Project("{778DAE3C-4631-46EA-AA77-85C1314464D9}") = "Clock0Doro_Pomodoro Timer", "Pomodoro Timer\Clock0Doro_Pomodoro Timer.vbproj", "{1774A515-E3E4-4C7F-A3CC-46C8D0FBB539}"
EndProject
Global
	GlobalSection(SolutionConfigurationPlatforms) = preSolution
		Debug|Any CPU = Debug|Any CPU
		Release|Any CPU = Release|Any CPU
	EndGlobalSection
	GlobalSection(ProjectConfigurationPlatforms) = postSolution
		{1774A515-E3E4-4C7F-A3CC-46C8D0FBB539}.Debug|Any CPU.ActiveCfg = Debug|Any CPU
		{1774A515-E3E4-4C7F-A3CC-46C8D0FBB539}.Debug|Any CPU.Build.0 = Debug|Any CPU
		{1774A515-E3E4-4C7F-A3CC-46C8D0FBB539}.Release|Any CPU.ActiveCfg = Release|Any CPU
		{1774A515-E3E4-4C7F-A3CC-46C8D0FBB539}.Release|Any CPU.Build.0 = Release|Any CPU
	EndGlobalSection
	GlobalSection(SolutionProperties) = preSolution
		HideSolutionNode = FALSE
	EndGlobalSection
	GlobalSection(ExtensibilityGlobals) = postSolution
		SolutionGuid = {CC166BBD-9E04-46C7-B611-BE1CEB7E22A2}
	EndGlobalSection
EndGlobal
